
Microsoft Visual Studio Solution File, Format Version 12.00
# Visual Studio Version 16
VisualStudioVersion = 16.0.30621.155
MinimumVisualStudioVersion = 10.0.40219.1
Project("{FAE04EC0-301F-11D3-BF4B-00C04F79EFBC}") = "DigitalMenu.Web.API", "DigitalMenu.Web.API\DigitalMenu.Web.API.csproj", "{7C0ADE69-6E01-4E56-AE76-54F8A6EA0D46}"
EndProject
Project("{9A19103F-16F7-4668-BE54-9A1E7A4F7556}") = "DigitalMenu.Web.API.Services", "DigitalMenu.Web.API.Services\DigitalMenu.Web.API.Services.csproj", "{903C6F81-1200-498D-AEA4-0007CFD4923B}"
EndProject
Project("{9A19103F-16F7-4668-BE54-9A1E7A4F7556}") = "DigitalMenu.DB.Helper", "DigitalMenu.DB.Helper\DigitalMenu.DB.Helper.csproj", "{BE1A7C03-8551-4360-9D21-CD15A578FCA9}"
EndProject
Project("{FAE04EC0-301F-11D3-BF4B-00C04F79EFBC}") = "DigitalMenu.Common", "DigitalMenu.Common\DigitalMenu.Common.csproj", "{EA193AF6-AC71-4972-817F-695DB532BA83}"
EndProject
Global
	GlobalSection(SolutionConfigurationPlatforms) = preSolution
		Debug|Any CPU = Debug|Any CPU
		Release|Any CPU = Release|Any CPU
	EndGlobalSection
	GlobalSection(ProjectConfigurationPlatforms) = postSolution
		{7C0ADE69-6E01-4E56-AE76-54F8A6EA0D46}.Debug|Any CPU.ActiveCfg = Debug|Any CPU
		{7C0ADE69-6E01-4E56-AE76-54F8A6EA0D46}.Debug|Any CPU.Build.0 = Debug|Any CPU
		{7C0ADE69-6E01-4E56-AE76-54F8A6EA0D46}.Release|Any CPU.ActiveCfg = Release|Any CPU
		{7C0ADE69-6E01-4E56-AE76-54F8A6EA0D46}.Release|Any CPU.Build.0 = Release|Any CPU
		{903C6F81-1200-498D-AEA4-0007CFD4923B}.Debug|Any CPU.ActiveCfg = Debug|Any CPU
		{903C6F81-1200-498D-AEA4-0007CFD4923B}.Debug|Any CPU.Build.0 = Debug|Any CPU
		{903C6F81-1200-498D-AEA4-0007CFD4923B}.Release|Any CPU.ActiveCfg = Release|Any CPU
		{903C6F81-1200-498D-AEA4-0007CFD4923B}.Release|Any CPU.Build.0 = Release|Any CPU
		{BE1A7C03-8551-4360-9D21-CD15A578FCA9}.Debug|Any CPU.ActiveCfg = Debug|Any CPU
		{BE1A7C03-8551-4360-9D21-CD15A578FCA9}.Debug|Any CPU.Build.0 = Debug|Any CPU
		{BE1A7C03-8551-4360-9D21-CD15A578FCA9}.Release|Any CPU.ActiveCfg = Release|Any CPU
		{BE1A7C03-8551-4360-9D21-CD15A578FCA9}.Release|Any CPU.Build.0 = Release|Any CPU
		{EA193AF6-AC71-4972-817F-695DB532BA83}.Debug|Any CPU.ActiveCfg = Debug|Any CPU
		{EA193AF6-AC71-4972-817F-695DB532BA83}.Debug|Any CPU.Build.0 = Debug|Any CPU
		{EA193AF6-AC71-4972-817F-695DB532BA83}.Release|Any CPU.ActiveCfg = Release|Any CPU
		{EA193AF6-AC71-4972-817F-695DB532BA83}.Release|Any CPU.Build.0 = Release|Any CPU
	EndGlobalSection
	GlobalSection(SolutionProperties) = preSolution
		HideSolutionNode = FALSE
	EndGlobalSection
	GlobalSection(ExtensibilityGlobals) = postSolution
		SolutionGuid = {E7FFD192-FCA0-4E1C-9EDD-68E0072BC09D}
	EndGlobalSection
EndGlobal
